
Microsoft Visual Studio Solution File, Format Version 12.00
# Visual Studio Version 17
VisualStudioVersion = 17.3.32825.248
MinimumVisualStudioVersion = 10.0.40219.1
Project("{FAE04EC0-301F-11D3-BF4B-00C04F79EFBC}") = "mydealer", "mydealer\mydealer.csproj", "{263F36ED-9088-4C01-8367-33C2C0FAFA65}"
EndProject
Global
	GlobalSection(SolutionConfigurationPlatforms) = preSolution
		Debug|Any CPU = Debug|Any CPU
		Release|Any CPU = Release|Any CPU
	EndGlobalSection
	GlobalSection(ProjectConfigurationPlatforms) = postSolution
		{263F36ED-9088-4C01-8367-33C2C0FAFA65}.Debug|Any CPU.ActiveCfg = Debug|Any CPU
		{263F36ED-9088-4C01-8367-33C2C0FAFA65}.Debug|Any CPU.Build.0 = Debug|Any CPU
		{263F36ED-9088-4C01-8367-33C2C0FAFA65}.Release|Any CPU.ActiveCfg = Release|Any CPU
		{263F36ED-9088-4C01-8367-33C2C0FAFA65}.Release|Any CPU.Build.0 = Release|Any CPU
	EndGlobalSection
	GlobalSection(SolutionProperties) = preSolution
		HideSolutionNode = FALSE
	EndGlobalSection
	GlobalSection(ExtensibilityGlobals) = postSolution
		SolutionGuid = {11C75E43-9B70-4AA4-8848-D5F6446CBB62}
	EndGlobalSection
EndGlobal
